Microsoft Visual Studio Solution File, Format Version 12.00
# Visual Studio Version 17
VisualStudioVersion = 17.5.2.0
MinimumVisualStudioVersion = 10.0.40219.1
Project("{2150E333-8FDC-42A3-9474-1A3956D46DE8}") = "src", "src", "{827E0CD3-B72D-47B6-A68D-7590B98EB39B}"
EndProject
Project("{FAE04EC0-301F-11D3-BF4B-00C04F79EFBC}") = "CodeScanning", "src\CodeScanning\CodeScanning.csproj", "{1146B5D0-6244-0496-C778-F3090F8B905E}"
EndProject
Project("{FAE04EC0-301F-11D3-BF4B-00C04F79EFBC}") = "Secrets", "src\Secrets\Secrets.csproj", "{7E3B376E-0674-E6CF-27F3-7AB0E4B0B929}"
EndProject
Project("{FAE04EC0-301F-11D3-BF4B-00C04F79EFBC}") = "SqlInjection", "src\SqlInjection\SqlInjection.csproj", "{2635A8C7-BE34-D9B7-C6C5-B1D66920FEDD}"
EndProject
Project("{FAE04EC0-301F-11D3-BF4B-00C04F79EFBC}") = "Vulnerabilities", "src\Vulnerabilities\Vulnerabilities.csproj", "{468E7209-6660-EC79-C288-7EB8263B31E0}"
EndProject
Global
	GlobalSection(SolutionConfigurationPlatforms) = preSolution
		Debug|Any CPU = Debug|Any CPU
		Release|Any CPU = Release|Any CPU
	EndGlobalSection
	GlobalSection(ProjectConfigurationPlatforms) = postSolution
		{1146B5D0-6244-0496-C778-F3090F8B905E}.Debug|Any CPU.ActiveCfg = Debug|Any CPU
		{1146B5D0-6244-0496-C778-F3090F8B905E}.Debug|Any CPU.Build.0 = Debug|Any CPU
		{1146B5D0-6244-0496-C778-F3090F8B905E}.Release|Any CPU.ActiveCfg = Release|Any CPU
		{1146B5D0-6244-0496-C778-F3090F8B905E}.Release|Any CPU.Build.0 = Release|Any CPU
		{7E3B376E-0674-E6CF-27F3-7AB0E4B0B929}.Debug|Any CPU.ActiveCfg = Debug|Any CPU
		{7E3B376E-0674-E6CF-27F3-7AB0E4B0B929}.Debug|Any CPU.Build.0 = Debug|Any CPU
		{7E3B376E-0674-E6CF-27F3-7AB0E4B0B929}.Release|Any CPU.ActiveCfg = Release|Any CPU
		{7E3B376E-0674-E6CF-27F3-7AB0E4B0B929}.Release|Any CPU.Build.0 = Release|Any CPU
		{2635A8C7-BE34-D9B7-C6C5-B1D66920FEDD}.Debug|Any CPU.ActiveCfg = Debug|Any CPU
		{2635A8C7-BE34-D9B7-C6C5-B1D66920FEDD}.Debug|Any CPU.Build.0 = Debug|Any CPU
		{2635A8C7-BE34-D9B7-C6C5-B1D66920FEDD}.Release|Any CPU.ActiveCfg = Release|Any CPU
		{2635A8C7-BE34-D9B7-C6C5-B1D66920FEDD}.Release|Any CPU.Build.0 = Release|Any CPU
		{468E7209-6660-EC79-C288-7EB8263B31E0}.Debug|Any CPU.ActiveCfg = Debug|Any CPU
		{468E7209-6660-EC79-C288-7EB8263B31E0}.Debug|Any CPU.Build.0 = Debug|Any CPU
		{468E7209-6660-EC79-C288-7EB8263B31E0}.Release|Any CPU.ActiveCfg = Release|Any CPU
		{468E7209-6660-EC79-C288-7EB8263B31E0}.Release|Any CPU.Build.0 = Release|Any CPU
	EndGlobalSection
	GlobalSection(SolutionProperties) = preSolution
		HideSolutionNode = FALSE
	EndGlobalSection
	GlobalSection(NestedProjects) = preSolution
		{1146B5D0-6244-0496-C778-F3090F8B905E} = {827E0CD3-B72D-47B6-A68D-7590B98EB39B}
		{7E3B376E-0674-E6CF-27F3-7AB0E4B0B929} = {827E0CD3-B72D-47B6-A68D-7590B98EB39B}
		{2635A8C7-BE34-D9B7-C6C5-B1D66920FEDD} = {827E0CD3-B72D-47B6-A68D-7590B98EB39B}
		{468E7209-6660-EC79-C288-7EB8263B31E0} = {827E0CD3-B72D-47B6-A68D-7590B98EB39B}
	EndGlobalSection
	GlobalSection(ExtensibilityGlobals) = postSolution
		SolutionGuid = {9CD6D834-2E3B-47EF-BA98-EE9E3F56468E}
	EndGlobalSection
EndGlobal
